
Microsoft Visual Studio Solution File, Format Version 12.00
# Visual Studio Version 17
VisualStudioVersion = 17.8.34330.188
MinimumVisualStudioVersion = 10.0.40219.1
Project("{9A19103F-16F7-4668-BE54-9A1E7A4F7556}") = "WebAPI", "WebAPI\WebAPI.csproj", "{F231E578-434E-4874-B121-95CDAEFE03CD}"
EndProject
Project("{9A19103F-16F7-4668-BE54-9A1E7A4F7556}") = "DataAccessObject", "DataAccessObject\DataAccessObject.csproj", "{87E48B2D-1BB4-450F-B832-3408D1F03C79}"
EndProject
Project("{9A19103F-16F7-4668-BE54-9A1E7A4F7556}") = "BusinessObject", "BusinessObject\BusinessObject.csproj", "{DAD4DB27-7D4C-4DF8-913A-D4A46378281E}"
EndProject
Project("{9A19103F-16F7-4668-BE54-9A1E7A4F7556}") = "Repository", "Repository\Repository.csproj", "{8E7B7CE6-ED0A-4FBE-90BE-4F5CC72563FB}"
EndProject
Project("{9A19103F-16F7-4668-BE54-9A1E7A4F7556}") = "Utils", "Utils\Utils.csproj", "{4BE6D7C9-F4BC-43EF-8515-0799C26D0BC4}"
EndProject
Project("{9A19103F-16F7-4668-BE54-9A1E7A4F7556}") = "JwtTokenAuthorization", "JwtTokenAuthorization\JwtTokenAuthorization.csproj", "{901ADF78-AC18-42F2-84DF-81873AC8A084}"
EndProject
Project("{9A19103F-16F7-4668-BE54-9A1E7A4F7556}") = "Services", "Services\Services.csproj", "{0CCFD0F4-A2F2-4B18-A2AE-C6AF784FA3CB}"
EndProject
Project("{9A19103F-16F7-4668-BE54-9A1E7A4F7556}") = "Middleware", "Middleware\Middleware.csproj", "{F11E7D80-65D8-434E-B614-D998359D67FB}"
EndProject
Project("{9A19103F-16F7-4668-BE54-9A1E7A4F7556}") = "AzureBlobStorage", "AzureBlobStorage\AzureBlobStorage.csproj", "{872C1AA3-B22C-4106-A2A5-0890325526AE}"
EndProject
Global
	GlobalSection(SolutionConfigurationPlatforms) = preSolution
		Debug|Any CPU = Debug|Any CPU
		Debug|x64 = Debug|x64
		Release|Any CPU = Release|Any CPU
		Release|x64 = Release|x64
	EndGlobalSection
	GlobalSection(ProjectConfigurationPlatforms) = postSolution
		{F231E578-434E-4874-B121-95CDAEFE03CD}.Debug|Any CPU.ActiveCfg = Debug|Any CPU
		{F231E578-434E-4874-B121-95CDAEFE03CD}.Debug|Any CPU.Build.0 = Debug|Any CPU
		{F231E578-434E-4874-B121-95CDAEFE03CD}.Debug|x64.ActiveCfg = Debug|x64
		{F231E578-434E-4874-B121-95CDAEFE03CD}.Debug|x64.Build.0 = Debug|x64
		{F231E578-434E-4874-B121-95CDAEFE03CD}.Release|Any CPU.ActiveCfg = Release|Any CPU
		{F231E578-434E-4874-B121-95CDAEFE03CD}.Release|Any CPU.Build.0 = Release|Any CPU
		{F231E578-434E-4874-B121-95CDAEFE03CD}.Release|x64.ActiveCfg = Release|x64
		{F231E578-434E-4874-B121-95CDAEFE03CD}.Release|x64.Build.0 = Release|x64
		{87E48B2D-1BB4-450F-B832-3408D1F03C79}.Debug|Any CPU.ActiveCfg = Debug|Any CPU
		{87E48B2D-1BB4-450F-B832-3408D1F03C79}.Debug|Any CPU.Build.0 = Debug|Any CPU
		{87E48B2D-1BB4-450F-B832-3408D1F03C79}.Debug|x64.ActiveCfg = Debug|x64
		{87E48B2D-1BB4-450F-B832-3408D1F03C79}.Debug|x64.Build.0 = Debug|x64
		{87E48B2D-1BB4-450F-B832-3408D1F03C79}.Release|Any CPU.ActiveCfg = Release|Any CPU
		{87E48B2D-1BB4-450F-B832-3408D1F03C79}.Release|Any CPU.Build.0 = Release|Any CPU
		{87E48B2D-1BB4-450F-B832-3408D1F03C79}.Release|x64.ActiveCfg = Release|x64
		{87E48B2D-1BB4-450F-B832-3408D1F03C79}.Release|x64.Build.0 = Release|x64
		{DAD4DB27-7D4C-4DF8-913A-D4A46378281E}.Debug|Any CPU.ActiveCfg = Debug|Any CPU
		{DAD4DB27-7D4C-4DF8-913A-D4A46378281E}.Debug|Any CPU.Build.0 = Debug|Any CPU
		{DAD4DB27-7D4C-4DF8-913A-D4A46378281E}.Debug|x64.ActiveCfg = Debug|x64
		{DAD4DB27-7D4C-4DF8-913A-D4A46378281E}.Debug|x64.Build.0 = Debug|x64
		{DAD4DB27-7D4C-4DF8-913A-D4A46378281E}.Release|Any CPU.ActiveCfg = Release|Any CPU
		{DAD4DB27-7D4C-4DF8-913A-D4A46378281E}.Release|Any CPU.Build.0 = Release|Any CPU
		{DAD4DB27-7D4C-4DF8-913A-D4A46378281E}.Release|x64.ActiveCfg = Release|x64
		{DAD4DB27-7D4C-4DF8-913A-D4A46378281E}.Release|x64.Build.0 = Release|x64
		{8E7B7CE6-ED0A-4FBE-90BE-4F5CC72563FB}.Debug|Any CPU.ActiveCfg = Debug|Any CPU
		{8E7B7CE6-ED0A-4FBE-90BE-4F5CC72563FB}.Debug|Any CPU.Build.0 = Debug|Any CPU
		{8E7B7CE6-ED0A-4FBE-90BE-4F5CC72563FB}.Debug|x64.ActiveCfg = Debug|x64
		{8E7B7CE6-ED0A-4FBE-90BE-4F5CC72563FB}.Debug|x64.Build.0 = Debug|x64
		{8E7B7CE6-ED0A-4FBE-90BE-4F5CC72563FB}.Release|Any CPU.ActiveCfg = Release|Any CPU
		{8E7B7CE6-ED0A-4FBE-90BE-4F5CC72563FB}.Release|Any CPU.Build.0 = Release|Any CPU
		{8E7B7CE6-ED0A-4FBE-90BE-4F5CC72563FB}.Release|x64.ActiveCfg = Release|x64
		{8E7B7CE6-ED0A-4FBE-90BE-4F5CC72563FB}.Release|x64.Build.0 = Release|x64
		{4BE6D7C9-F4BC-43EF-8515-0799C26D0BC4}.Debug|Any CPU.ActiveCfg = Debug|Any CPU
		{4BE6D7C9-F4BC-43EF-8515-0799C26D0BC4}.Debug|Any CPU.Build.0 = Debug|Any CPU
		{4BE6D7C9-F4BC-43EF-8515-0799C26D0BC4}.Debug|x64.ActiveCfg = Debug|x64
		{4BE6D7C9-F4BC-43EF-8515-0799C26D0BC4}.Debug|x64.Build.0 = Debug|x64
		{4BE6D7C9-F4BC-43EF-8515-0799C26D0BC4}.Release|Any CPU.ActiveCfg = Release|Any CPU
		{4BE6D7C9-F4BC-43EF-8515-0799C26D0BC4}.Release|Any CPU.Build.0 = Release|Any CPU
		{4BE6D7C9-F4BC-43EF-8515-0799C26D0BC4}.Release|x64.ActiveCfg = Release|x64
		{4BE6D7C9-F4BC-43EF-8515-0799C26D0BC4}.Release|x64.Build.0 = Release|x64
		{901ADF78-AC18-42F2-84DF-81873AC8A084}.Debug|Any CPU.ActiveCfg = Debug|Any CPU
		{901ADF78-AC18-42F2-84DF-81873AC8A084}.Debug|Any CPU.Build.0 = Debug|Any CPU
		{901ADF78-AC18-42F2-84DF-81873AC8A084}.Debug|x64.ActiveCfg = Debug|x64
		{901ADF78-AC18-42F2-84DF-81873AC8A084}.Debug|x64.Build.0 = Debug|x64
		{901ADF78-AC18-42F2-84DF-81873AC8A084}.Release|Any CPU.ActiveCfg = Release|Any CPU
		{901ADF78-AC18-42F2-84DF-81873AC8A084}.Release|Any CPU.Build.0 = Release|Any CPU
		{901ADF78-AC18-42F2-84DF-81873AC8A084}.Release|x64.ActiveCfg = Release|x64
		{901ADF78-AC18-42F2-84DF-81873AC8A084}.Release|x64.Build.0 = Release|x64
		{0CCFD0F4-A2F2-4B18-A2AE-C6AF784FA3CB}.Debug|Any CPU.ActiveCfg = Debug|Any CPU
		{0CCFD0F4-A2F2-4B18-A2AE-C6AF784FA3CB}.Debug|Any CPU.Build.0 = Debug|Any CPU
		{0CCFD0F4-A2F2-4B18-A2AE-C6AF784FA3CB}.Debug|x64.ActiveCfg = Debug|x64
		{0CCFD0F4-A2F2-4B18-A2AE-C6AF784FA3CB}.Debug|x64.Build.0 = Debug|x64
		{0CCFD0F4-A2F2-4B18-A2AE-C6AF784FA3CB}.Release|Any CPU.ActiveCfg = Release|Any CPU
		{0CCFD0F4-A2F2-4B18-A2AE-C6AF784FA3CB}.Release|Any CPU.Build.0 = Release|Any CPU
		{0CCFD0F4-A2F2-4B18-A2AE-C6AF784FA3CB}.Release|x64.ActiveCfg = Release|x64
		{0CCFD0F4-A2F2-4B18-A2AE-C6AF784FA3CB}.Release|x64.Build.0 = Release|x64
		{F11E7D80-65D8-434E-B614-D998359D67FB}.Debug|Any CPU.ActiveCfg = Debug|Any CPU
		{F11E7D80-65D8-434E-B614-D998359D67FB}.Debug|Any CPU.Build.0 = Debug|Any CPU
		{F11E7D80-65D8-434E-B614-D998359D67FB}.Debug|x64.ActiveCfg = Debug|x64
		{F11E7D80-65D8-434E-B614-D998359D67FB}.Debug|x64.Build.0 = Debug|x64
		{F11E7D80-65D8-434E-B614-D998359D67FB}.Release|Any CPU.ActiveCfg = Release|Any CPU
		{F11E7D80-65D8-434E-B614-D998359D67FB}.Release|Any CPU.Build.0 = Release|Any CPU
		{F11E7D80-65D8-434E-B614-D998359D67FB}.Release|x64.ActiveCfg = Release|x64
		{F11E7D80-65D8-434E-B614-D998359D67FB}.Release|x64.Build.0 = Release|x64
		{872C1AA3-B22C-4106-A2A5-0890325526AE}.Debug|Any CPU.ActiveCfg = Debug|Any CPU
		{872C1AA3-B22C-4106-A2A5-0890325526AE}.Debug|Any CPU.Build.0 = Debug|Any CPU
		{872C1AA3-B22C-4106-A2A5-0890325526AE}.Debug|x64.ActiveCfg = Debug|x64
		{872C1AA3-B22C-4106-A2A5-0890325526AE}.Debug|x64.Build.0 = Debug|x64
		{872C1AA3-B22C-4106-A2A5-0890325526AE}.Release|Any CPU.ActiveCfg = Release|Any CPU
		{872C1AA3-B22C-4106-A2A5-0890325526AE}.Release|Any CPU.Build.0 = Release|Any CPU
		{872C1AA3-B22C-4106-A2A5-0890325526AE}.Release|x64.ActiveCfg = Release|x64
		{872C1AA3-B22C-4106-A2A5-0890325526AE}.Release|x64.Build.0 = Release|x64
	EndGlobalSection
	GlobalSection(SolutionProperties) = preSolution
		HideSolutionNode = FALSE
	EndGlobalSection
	GlobalSection(ExtensibilityGlobals) = postSolution
		SolutionGuid = {2CDC2681-FF71-4860-9138-6D41D99B869F}
	EndGlobalSection
EndGlobal
